
Microsoft Visual Studio Solution File, Format Version 12.00
# Visual Studio Version 17
VisualStudioVersion = 17.3.32901.215
MinimumVisualStudioVersion = 10.0.40219.1
Project("{FAE04EC0-301F-11D3-BF4B-00C04F79EFBC}") = "manav_otomasyon_güncel", "manav_otomasyon_güncel\manav_otomasyon_güncel.csproj", "{8AEB4FFA-5C93-4396-BC83-41AD5BE658D2}"
EndProject
Global
	GlobalSection(SolutionConfigurationPlatforms) = preSolution
		Debug|Any CPU = Debug|Any CPU
		Release|Any CPU = Release|Any CPU
	EndGlobalSection
	GlobalSection(ProjectConfigurationPlatforms) = postSolution
		{8AEB4FFA-5C93-4396-BC83-41AD5BE658D2}.Debug|Any CPU.ActiveCfg = Debug|Any CPU
		{8AEB4FFA-5C93-4396-BC83-41AD5BE658D2}.Debug|Any CPU.Build.0 = Debug|Any CPU
		{8AEB4FFA-5C93-4396-BC83-41AD5BE658D2}.Release|Any CPU.ActiveCfg = Release|Any CPU
		{8AEB4FFA-5C93-4396-BC83-41AD5BE658D2}.Release|Any CPU.Build.0 = Release|Any CPU
	EndGlobalSection
	GlobalSection(SolutionProperties) = preSolution
		HideSolutionNode = FALSE
	EndGlobalSection
	GlobalSection(ExtensibilityGlobals) = postSolution
		SolutionGuid = {A1C2BBA4-9342-4816-8800-AEE614931E4B}
	EndGlobalSection
EndGlobal
